[rating]
path = "../../rating-coordinator/wit"
sha256 = "846b15537fa51696f4b2100ad5a7ef0e26d14b9494351272940261aa6fe239b5"
sha512 = "af4bb58f57929bcfd3b7afb0b1b5b2c92b2c309da15ee818b7dba4a2b4e9ad77dea361051fe3611b2b957ed098ec133d5f59c4e1706b54c701f1dd4cdbdd83ae"
deps = ["wasi-cli-0.2.0", "wasi-clocks-0.2.0", "wasi-http-0.2.0", "wasi-io-0.2.0", "wasi-random-0.2.0"]

["wasi-cli-0.2.0"]
sha256 = "3b727a655050400f4f8d548cdcc206f391cd195a98923cf970ba2e3ac0053e58"
sha512 = "2a5b56585435aa9c94ac2e234debe424f92efc5f6c84a5335e2ed602f3f1536097b40602551503e34eb51ecc9ebce41a9245d338c3579a58b596fc286e028fd5"

["wasi-clocks-0.2.0"]
sha256 = "daf7133b4f60ba73185449327dd48d2b324799db858ab463bcd32d954a9ff394"
sha512 = "5992296c504aebfad359ab1676bba63b5d22e33112c240a437ee733433aa50552144242f8998180ff36f0da56e5f65691dbb1898331ce878bd9fa439b8909742"

["wasi-http-0.2.0"]
sha256 = "f22b6f3b3c12289e522041067b0a2db99a27c181e9ef3ed36930aa0286232d63"
sha512 = "f9b38ef4f58cb9e069b51ee45df52ce6ca9af0a9774c3d09dc99598f36afcd902557221be2f1a6bcccdecb880e4d7436b533e03f4b9250d5b0e1466afd3a62ce"

["wasi-io-0.2.0"]
sha256 = "7c4d3e8f4e88c8c8e2869655190c57044d8f6ce8f8c511ef308d24a0ff716243"
sha512 = "8dac828f51a1201107d4ed58abec97f29758951c48581a52b8e42d8374ea2cfde7ce5600f3343b6b058594d2912006dc8d57d3d9e850dad2c85191a34cf7c4eb"

["wasi-random-0.2.0"]
sha256 = "fb79f1ff4893c7240bf047259eaf586d967d007f80ed5f8541139d7543e661c8"
sha512 = "b1da8ec2de096448aaf45c3f92aa8b8c0143f0e33bfe163b0cd3fe7617b1929bbbfffe2bdd58693ed516bf4f6250e19650356a8f1aa816d0fbe38ff8b1e1c5bb"
